// !$*UTF8*$!
{
	archiveVersion = 1;
	classes = {
	};
	objectVersion = 56;
	objects = {

/* Begin PBXBuildFile section */
		F8D1CC622C63226800ED92BB /* AppDelegate.swift in Sources */ = {isa = PBXBuildFile; fileRef = F8D1CC612C63226800ED92BB /* AppDelegate.swift */; };
		F8D1CC642C63226800ED92BB /* SceneDelegate.swift in Sources */ = {isa = PBXBuildFile; fileRef = F8D1CC632C63226800ED92BB /* SceneDelegate.swift */; };
		F8D1CC6C2C63226800ED92BB /* InternshipProject.xcdatamodeld in Sources */ = {isa = PBXBuildFile; fileRef = F8D1CC6A2C63226800ED92BB /* InternshipProject.xcdatamodeld */; };
		F8D1CC6E2C63226900ED92BB /* Assets.xcassets in Resources */ = {isa = PBXBuildFile; fileRef = F8D1CC6D2C63226900ED92BB /* Assets.xcassets */; };
		F8D1CC712C63226900ED92BB /* LaunchScreen.storyboard in Resources */ = {isa = PBXBuildFile; fileRef = F8D1CC6F2C63226900ED92BB /* LaunchScreen.storyboard */; };
		F8D1CC792C63267500ED92BB /* LoginViewController.swift in Sources */ = {isa = PBXBuildFile; fileRef = F8D1CC782C63267500ED92BB /* LoginViewController.swift */; };
		F8D1CC7C2C63282600ED92BB /* SnapKit in Frameworks */ = {isa = PBXBuildFile; productRef = F8D1CC7B2C63282600ED92BB /* SnapKit */; };
		F8D1CC7E2C63282600ED92BB /* SnapKit-Dynamic in Frameworks */ = {isa = PBXBuildFile; productRef = F8D1CC7D2C63282600ED92BB /* SnapKit-Dynamic */; };
		F8D1CC802C63294200ED92BB /* Extension+UIViewController.swift in Sources */ = {isa = PBXBuildFile; fileRef = F8D1CC7F2C63294200ED92BB /* Extension+UIViewController.swift */; };
		F8D1CC832C632AEF00ED92BB /* Extension+View.swift in Sources */ = {isa = PBXBuildFile; fileRef = F8D1CC822C632AEF00ED92BB /* Extension+View.swift */; };
/* End PBXBuildFile section */

/* Begin PBXFileReference section */
		F8D1CC5E2C63226800ED92BB /* InternshipProject.app */ = {isa = PBXFileReference; explicitFileType = wrapper.application; includeInIndex = 0; path = InternshipProject.app; sourceTree = BUILT_PRODUCTS_DIR; };
		F8D1CC612C63226800ED92BB /* AppDelegate.swift */ = {isa = PBXFileReference; lastKnownFileType = sourcecode.swift; path = AppDelegate.swift; sourceTree = "<group>"; };
		F8D1CC632C63226800ED92BB /* SceneDelegate.swift */ = {isa = PBXFileReference; lastKnownFileType = sourcecode.swift; name = SceneDelegate.swift; path = ../../../../../.Trash/SPARTA_InternshipProject/InternshipProject/InternshipProject/SceneDelegate.swift; sourceTree = "<group>"; };
		F8D1CC6B2C63226800ED92BB /* InternshipProject.xcdatamodel */ = {isa = PBXFileReference; lastKnownFileType = wrapper.xcdatamodel; path = InternshipProject.xcdatamodel; sourceTree = "<group>"; };
		F8D1CC6D2C63226900ED92BB /* Assets.xcassets */ = {isa = PBXFileReference; lastKnownFileType = folder.assetcatalog; path = Assets.xcassets; sourceTree = "<group>"; };
		F8D1CC702C63226900ED92BB /* Base */ = {isa = PBXFileReference; lastKnownFileType = file.storyboard; name = Base; path = Base.lproj/LaunchScreen.storyboard; sourceTree = "<group>"; };
		F8D1CC722C63226900ED92BB /* Info.plist */ = {isa = PBXFileReference; lastKnownFileType = text.plist.xml; path = Info.plist; sourceTree = "<group>"; };
		F8D1CC782C63267500ED92BB /* LoginViewController.swift */ = {isa = PBXFileReference; fileEncoding = 4; lastKnownFileType = sourcecode.swift; path = LoginViewController.swift; sourceTree = "<group>"; };
		F8D1CC7F2C63294200ED92BB /* Extension+UIViewController.swift */ = {isa = PBXFileReference; lastKnownFileType = sourcecode.swift; path = "Extension+UIViewController.swift"; sourceTree = "<group>"; };
		F8D1CC822C632AEF00ED92BB /* Extension+View.swift */ = {isa = PBXFileReference; lastKnownFileType = sourcecode.swift; path = "Extension+View.swift"; sourceTree = "<group>"; };
/* End PBXFileReference section */

/* Begin PBXFrameworksBuildPhase section */
		F8D1CC5B2C63226800ED92BB /* Frameworks */ = {
			isa = PBXFrameworksBuildPhase;
			buildActionMask = 2147483647;
			files = (
				F8D1CC7C2C63282600ED92BB /* SnapKit in Frameworks */,
				F8D1CC7E2C63282600ED92BB /* SnapKit-Dynamic in Frameworks */,
			);
			runOnlyForDeploymentPostprocessing = 0;
		};
/* End PBXFrameworksBuildPhase section */

/* Begin PBXGroup section */
		F8D1CC552C63226800ED92BB = {
			isa = PBXGroup;
			children = (
				F8D1CC602C63226800ED92BB /* InternshipProject */,
				F8D1CC5F2C63226800ED92BB /* Products */,
			);
			sourceTree = "<group>";
		};
		F8D1CC5F2C63226800ED92BB /* Products */ = {
			isa = PBXGroup;
			children = (
				F8D1CC5E2C63226800ED92BB /* InternshipProject.app */,
			);
			name = Products;
			sourceTree = "<group>";
		};
		F8D1CC602C63226800ED92BB /* InternshipProject */ = {
			isa = PBXGroup;
			children = (
				F8D1CC812C632ADB00ED92BB /* Extension */,
				F8D1CC612C63226800ED92BB /* AppDelegate.swift */,
				F8D1CC632C63226800ED92BB /* SceneDelegate.swift */,
				F8D1CC782C63267500ED92BB /* LoginViewController.swift */,
				F8D1CC6D2C63226900ED92BB /* Assets.xcassets */,
				F8D1CC6F2C63226900ED92BB /* LaunchScreen.storyboard */,
				F8D1CC722C63226900ED92BB /* Info.plist */,
				F8D1CC6A2C63226800ED92BB /* InternshipProject.xcdatamodeld */,
			);
			path = InternshipProject;
			sourceTree = "<group>";
		};
		F8D1CC812C632ADB00ED92BB /* Extension */ = {
			isa = PBXGroup;
			children = (
				F8D1CC7F2C63294200ED92BB /* Extension+UIViewController.swift */,
				F8D1CC822C632AEF00ED92BB /* Extension+View.swift */,
			);
			path = Extension;
			sourceTree = "<group>";
		};
/* End PBXGroup section */

/* Begin PBXNativeTarget section */
		F8D1CC5D2C63226800ED92BB /* InternshipProject */ = {
			isa = PBXNativeTarget;
			buildConfigurationList = F8D1CC752C63226900ED92BB /* Build configuration list for PBXNativeTarget "InternshipProject" */;
			buildPhases = (
				F8D1CC5A2C63226800ED92BB /* Sources */,
				F8D1CC5B2C63226800ED92BB /* Frameworks */,
				F8D1CC5C2C63226800ED92BB /* Resources */,
			);
			buildRules = (
			);
			dependencies = (
			);
			name = InternshipProject;
			packageProductDependencies = (
				F8D1CC7B2C63282600ED92BB /* SnapKit */,
				F8D1CC7D2C63282600ED92BB /* SnapKit-Dynamic */,
			);
			productName = InternshipProject;
			productReference = F8D1CC5E2C63226800ED92BB /* InternshipProject.app */;
			productType = "com.apple.product-type.application";
		};
/* End PBXNativeTarget section */

/* Begin PBXProject section */
		F8D1CC562C63226800ED92BB /* Project object */ = {
			isa = PBXProject;
			attributes = {
				BuildIndependentTargetsInParallel = 1;
				LastSwiftUpdateCheck = 1520;
				LastUpgradeCheck = 1520;
				TargetAttributes = {
					F8D1CC5D2C63226800ED92BB = {
						CreatedOnToolsVersion = 15.2;
					};
				};
			};
			buildConfigurationList = F8D1CC592C63226800ED92BB /* Build configuration list for PBXProject "InternshipProject" */;
			compatibilityVersion = "Xcode 14.0";
			developmentRegion = en;
			hasScannedForEncodings = 0;
			knownRegions = (
				en,
				Base,
			);
			mainGroup = F8D1CC552C63226800ED92BB;
			packageReferences = (
				F8D1CC7A2C63282600ED92BB /* XCRemoteSwiftPackageReference "SnapKit" */,
			);
			productRefGroup = F8D1CC5F2C63226800ED92BB /* Products */;
			projectDirPath = "";
			projectRoot = "";
			targets = (
				F8D1CC5D2C63226800ED92BB /* InternshipProject */,
			);
		};
/* End PBXProject section */

/* Begin PBXResourcesBuildPhase section */
		F8D1CC5C2C63226800ED92BB /* Resources */ = {
			isa = PBXResourcesBuildPhase;
			buildActionMask = 2147483647;
			files = (
				F8D1CC712C63226900ED92BB /* LaunchScreen.storyboard in Resources */,
				F8D1CC6E2C63226900ED92BB /* Assets.xcassets in Resources */,
			);
			runOnlyForDeploymentPostprocessing = 0;
		};
/* End PBXResourcesBuildPhase section */

/* Begin PBXSourcesBuildPhase section */
		F8D1CC5A2C63226800ED92BB /* Sources */ = {
			isa = PBXSourcesBuildPhase;
			buildActionMask = 2147483647;
			files = (
				F8D1CC6C2C63226800ED92BB /* InternshipProject.xcdatamodeld in Sources */,
				F8D1CC622C63226800ED92BB /* AppDelegate.swift in Sources */,
				F8D1CC792C63267500ED92BB /* LoginViewController.swift in Sources */,
				F8D1CC802C63294200ED92BB /* Extension+UIViewController.swift in Sources */,
				F8D1CC832C632AEF00ED92BB /* Extension+View.swift in Sources */,
				F8D1CC642C63226800ED92BB /* SceneDelegate.swift in Sources */,
			);
			runOnlyForDeploymentPostprocessing = 0;
		};
/* End PBXSourcesBuildPhase section */

/* Begin PBXVariantGroup section */
		F8D1CC6F2C63226900ED92BB /* LaunchScreen.storyboard */ = {
			isa = PBXVariantGroup;
			children = (
				F8D1CC702C63226900ED92BB /* Base */,
			);
			name = LaunchScreen.storyboard;
			sourceTree = "<group>";
		};
/* End PBXVariantGroup section */

/* Begin XCBuildConfiguration section */
		F8D1CC732C63226900ED92BB /* Debug */ = {
			isa = XCBuildConfiguration;
			buildSettings = {
				ALWAYS_SEARCH_USER_PATHS = NO;
				ASSETCATALOG_COMPILER_GENERATE_SWIFT_ASSET_SYMBOL_EXTENSIONS = YES;
				CLANG_ANALYZER_NONNULL = YES;
				CLANG_ANALYZER_NUMBER_OBJECT_CONVERSION = YES_AGGRESSIVE;
				CLANG_CXX_LANGUAGE_STANDARD = "gnu++20";
				CLANG_ENABLE_MODULES = YES;
				CLANG_ENABLE_OBJC_ARC = YES;
				CLANG_ENABLE_OBJC_WEAK = YES;
				CLANG_WARN_BLOCK_CAPTURE_AUTORELEASING = YES;
				CLANG_WARN_BOOL_CONVERSION = YES;
				CLANG_WARN_COMMA = YES;
				CLANG_WARN_CONSTANT_CONVERSION = YES;
				CLANG_WARN_DEPRECATED_OBJC_IMPLEMENTATIONS = YES;
				CLANG_WARN_DIRECT_OBJC_ISA_USAGE = YES_ERROR;
				CLANG_WARN_DOCUMENTATION_COMMENTS = YES;
				CLANG_WARN_EMPTY_BODY = YES;
				CLANG_WARN_ENUM_CONVERSION = YES;
				CLANG_WARN_INFINITE_RECURSION = YES;
				CLANG_WARN_INT_CONVERSION = YES;
				CLANG_WARN_NON_LITERAL_NULL_CONVERSION = YES;
				CLANG_WARN_OBJC_IMPLICIT_RETAIN_SELF = YES;
				CLANG_WARN_OBJC_LITERAL_CONVERSION = YES;
				CLANG_WARN_OBJC_ROOT_CLASS = YES_ERROR;
				CLANG_WARN_QUOTED_INCLUDE_IN_FRAMEWORK_HEADER = YES;
				CLANG_WARN_RANGE_LOOP_ANALYSIS = YES;
				CLANG_WARN_STRICT_PROTOTYPES = YES;
				CLANG_WARN_SUSPICIOUS_MOVE = YES;
				CLANG_WARN_UNGUARDED_AVAILABILITY = YES_AGGRESSIVE;
				CLANG_WARN_UNREACHABLE_CODE = YES;
				CLANG_WARN__DUPLICATE_METHOD_MATCH = YES;
				COPY_PHASE_STRIP = NO;
				DEBUG_INFORMATION_FORMAT = dwarf;
				ENABLE_STRICT_OBJC_MSGSEND = YES;
				ENABLE_TESTABILITY = YES;
				ENABLE_USER_SCRIPT_SANDBOXING = YES;
				GCC_C_LANGUAGE_STANDARD = gnu17;
				GCC_DYNAMIC_NO_PIC = NO;
				GCC_NO_COMMON_BLOCKS = YES;
				GCC_OPTIMIZATION_LEVEL = 0;
				GCC_PREPROCESSOR_DEFINITIONS = (
					"DEBUG=1",
					"$(inherited)",
				);
				GCC_WARN_64_TO_32_BIT_CONVERSION = YES;
				GCC_WARN_ABOUT_RETURN_TYPE = YES_ERROR;
				GCC_WARN_UNDECLARED_SELECTOR = YES;
				GCC_WARN_UNINITIALIZED_AUTOS = YES_AGGRESSIVE;
				GCC_WARN_UNUSED_FUNCTION = YES;
				GCC_WARN_UNUSED_VARIABLE = YES;
				IPHONEOS_DEPLOYMENT_TARGET = 17.2;
				LOCALIZATION_PREFERS_STRING_CATALOGS = YES;
				MTL_ENABLE_DEBUG_INFO = INCLUDE_SOURCE;
				MTL_FAST_MATH = YES;
				ONLY_ACTIVE_ARCH = YES;
				SDKROOT = iphoneos;
				SWIFT_ACTIVE_COMPILATION_CONDITIONS = "DEBUG $(inherited)";
				SWIFT_OPTIMIZATION_LEVEL = "-Onone";
			};
			name = Debug;
		};
		F8D1CC742C63226900ED92BB /* Release */ = {
			isa = XCBuildConfiguration;
			buildSettings = {
				ALWAYS_SEARCH_USER_PATHS = NO;
				ASSETCATALOG_COMPILER_GENERATE_SWIFT_ASSET_SYMBOL_EXTENSIONS = YES;
				CLANG_ANALYZER_NONNULL = YES;
				CLANG_ANALYZER_NUMBER_OBJECT_CONVERSION = YES_AGGRESSIVE;
				CLANG_CXX_LANGUAGE_STANDARD = "gnu++20";
				CLANG_ENABLE_MODULES = YES;
				CLANG_ENABLE_OBJC_ARC = YES;
				CLANG_ENABLE_OBJC_WEAK = YES;
				CLANG_WARN_BLOCK_CAPTURE_AUTORELEASING = YES;
				CLANG_WARN_BOOL_CONVERSION = YES;
				CLANG_WARN_COMMA = YES;
				CLANG_WARN_CONSTANT_CONVERSION = YES;
				CLANG_WARN_DEPRECATED_OBJC_IMPLEMENTATIONS = YES;
				CLANG_WARN_DIRECT_OBJC_ISA_USAGE = YES_ERROR;
				CLANG_WARN_DOCUMENTATION_COMMENTS = YES;
				CLANG_WARN_EMPTY_BODY = YES;
				CLANG_WARN_ENUM_CONVERSION = YES;
				CLANG_WARN_INFINITE_RECURSION = YES;
				CLANG_WARN_INT_CONVERSION = YES;
				CLANG_WARN_NON_LITERAL_NULL_CONVERSION = YES;
				CLANG_WARN_OBJC_IMPLICIT_RETAIN_SELF = YES;
				CLANG_WARN_OBJC_LITERAL_CONVERSION = YES;
				CLANG_WARN_OBJC_ROOT_CLASS = YES_ERROR;
				CLANG_WARN_QUOTED_INCLUDE_IN_FRAMEWORK_HEADER = YES;
				CLANG_WARN_RANGE_LOOP_ANALYSIS = YES;
				CLANG_WARN_STRICT_PROTOTYPES = YES;
				CLANG_WARN_SUSPICIOUS_MOVE = YES;
				CLANG_WARN_UNGUARDED_AVAILABILITY = YES_AGGRESSIVE;
				CLANG_WARN_UNREACHABLE_CODE = YES;
				CLANG_WARN__DUPLICATE_METHOD_MATCH = YES;
				COPY_PHASE_STRIP = NO;
				DEBUG_INFORMATION_FORMAT = "dwarf-with-dsym";
				ENABLE_NS_ASSERTIONS = NO;
				ENABLE_STRICT_OBJC_MSGSEND = YES;
				ENABLE_USER_SCRIPT_SANDBOXING = YES;
				GCC_C_LANGUAGE_STANDARD = gnu17;
				GCC_NO_COMMON_BLOCKS = YES;
				GCC_WARN_64_TO_32_BIT_CONVERSION = YES;
				GCC_WARN_ABOUT_RETURN_TYPE = YES_ERROR;
				GCC_WARN_UNDECLARED_SELECTOR = YES;
				GCC_WARN_UNINITIALIZED_AUTOS = YES_AGGRESSIVE;
				GCC_WARN_UNUSED_FUNCTION = YES;
				GCC_WARN_UNUSED_VARIABLE = YES;
				IPHONEOS_DEPLOYMENT_TARGET = 17.2;
				LOCALIZATION_PREFERS_STRING_CATALOGS = YES;
				MTL_ENABLE_DEBUG_INFO = NO;
				MTL_FAST_MATH = YES;
				SDKROOT = iphoneos;
				SWIFT_COMPILATION_MODE = wholemodule;
				VALIDATE_PRODUCT = YES;
			};
			name = Release;
		};
		F8D1CC762C63226900ED92BB /* Debug */ = {
			isa = XCBuildConfiguration;
			buildSettings = {
				ASSETCATALOG_COMPILER_APPICON_NAME = AppIcon;
				ASSETCATALOG_COMPILER_GLOBAL_ACCENT_COLOR_NAME = AccentColor;
				CODE_SIGN_STYLE = Automatic;
				CURRENT_PROJECT_VERSION = 1;
				DEVELOPMENT_TEAM = 4G47XHXXQX;
				GENERATE_INFOPLIST_FILE = YES;
				INFOPLIST_FILE = InternshipProject/Info.plist;
				INFOPLIST_KEY_UIApplicationSupportsIndirectInputEvents = YES;
				INFOPLIST_KEY_UILaunchStoryboardName = LaunchScreen;
				INFOPLIST_KEY_UISupportedInterfaceOrientations_iPad = "UIInterfaceOrientationPortrait UIInterfaceOrientationPortraitUpsideDown UIInterfaceOrientationLandscapeLeft UIInterfaceOrientationLandscapeRight";
				INFOPLIST_KEY_UISupportedInterfaceOrientations_iPhone = "UIInterfaceOrientationPortrait UIInterfaceOrientationLandscapeLeft UIInterfaceOrientationLandscapeRight";
				LD_RUNPATH_SEARCH_PATHS = (
					"$(inherited)",
					"@executable_path/Frameworks",
				);
				MARKETING_VERSION = 1.0;
				PRODUCT_BUNDLE_IDENTIFIER = com.spartaIntership.DongJinWon.InternshipProject;
				PRODUCT_NAME = "$(TARGET_NAME)";
				SWIFT_EMIT_LOC_STRINGS = YES;
				SWIFT_VERSION = 5.0;
				TARGETED_DEVICE_FAMILY = "1,2";
			};
			name = Debug;
		};
		F8D1CC772C63226900ED92BB /* Release */ = {
			isa = XCBuildConfiguration;
			buildSettings = {
				ASSETCATALOG_COMPILER_APPICON_NAME = AppIcon;
				ASSETCATALOG_COMPILER_GLOBAL_ACCENT_COLOR_NAME = AccentColor;
				CODE_SIGN_STYLE = Automatic;
				CURRENT_PROJECT_VERSION = 1;
				DEVELOPMENT_TEAM = 4G47XHXXQX;
				GENERATE_INFOPLIST_FILE = YES;
				INFOPLIST_FILE = InternshipProject/Info.plist;
				INFOPLIST_KEY_UIApplicationSupportsIndirectInputEvents = YES;
				INFOPLIST_KEY_UILaunchStoryboardName = LaunchScreen;
				INFOPLIST_KEY_UISupportedInterfaceOrientations_iPad = "UIInterfaceOrientationPortrait UIInterfaceOrientationPortraitUpsideDown UIInterfaceOrientationLandscapeLeft UIInterfaceOrientationLandscapeRight";
				INFOPLIST_KEY_UISupportedInterfaceOrientations_iPhone = "UIInterfaceOrientationPortrait UIInterfaceOrientationLandscapeLeft UIInterfaceOrientationLandscapeRight";
				LD_RUNPATH_SEARCH_PATHS = (
					"$(inherited)",
					"@executable_path/Frameworks",
				);
				MARKETING_VERSION = 1.0;
				PRODUCT_BUNDLE_IDENTIFIER = com.spartaIntership.DongJinWon.InternshipProject;
				PRODUCT_NAME = "$(TARGET_NAME)";
				SWIFT_EMIT_LOC_STRINGS = YES;
				SWIFT_VERSION = 5.0;
				TARGETED_DEVICE_FAMILY = "1,2";
			};
			name = Release;
		};
/* End XCBuildConfiguration section */

/* Begin XCConfigurationList section */
		F8D1CC592C63226800ED92BB /* Build configuration list for PBXProject "InternshipProject" */ = {
			isa = XCConfigurationList;
			buildConfigurations = (
				F8D1CC732C63226900ED92BB /* Debug */,
				F8D1CC742C63226900ED92BB /* Release */,
			);
			defaultConfigurationIsVisible = 0;
			defaultConfigurationName = Release;
		};
		F8D1CC752C63226900ED92BB /* Build configuration list for PBXNativeTarget "InternshipProject" */ = {
			isa = XCConfigurationList;
			buildConfigurations = (
				F8D1CC762C63226900ED92BB /* Debug */,
				F8D1CC772C63226900ED92BB /* Release */,
			);
			defaultConfigurationIsVisible = 0;
			defaultConfigurationName = Release;
		};
/* End XCConfigurationList section */

/* Begin XCRemoteSwiftPackageReference section */
		F8D1CC7A2C63282600ED92BB /* XCRemoteSwiftPackageReference "SnapKit" */ = {
			isa = XCRemoteSwiftPackageReference;
			repositoryURL = "https://github.com/SnapKit/SnapKit.git";
			requirement = {
				kind = upToNextMajorVersion;
				minimumVersion = 5.7.1;
			};
		};
/* End XCRemoteSwiftPackageReference section */

/* Begin XCSwiftPackageProductDependency section */
		F8D1CC7B2C63282600ED92BB /* SnapKit */ = {
			isa = XCSwiftPackageProductDependency;
			package = F8D1CC7A2C63282600ED92BB /* XCRemoteSwiftPackageReference "SnapKit" */;
			productName = SnapKit;
		};
		F8D1CC7D2C63282600ED92BB /* SnapKit-Dynamic */ = {
			isa = XCSwiftPackageProductDependency;
			package = F8D1CC7A2C63282600ED92BB /* XCRemoteSwiftPackageReference "SnapKit" */;
			productName = "SnapKit-Dynamic";
		};
/* End XCSwiftPackageProductDependency section */

/* Begin XCVersionGroup section */
		F8D1CC6A2C63226800ED92BB /* InternshipProject.xcdatamodeld */ = {
			isa = XCVersionGroup;
			children = (
				F8D1CC6B2C63226800ED92BB /* InternshipProject.xcdatamodel */,
			);
			currentVersion = F8D1CC6B2C63226800ED92BB /* InternshipProject.xcdatamodel */;
			path = InternshipProject.xcdatamodeld;
			sourceTree = "<group>";
			versionGroupType = wrapper.xcdatamodel;
		};
/* End XCVersionGroup section */
	};
	rootObject = F8D1CC562C63226800ED92BB /* Project object */;
}
